
Microsoft Visual Studio Solution File, Format Version 12.00
# Visual Studio 15
VisualStudioVersion = 15.0.28307.489
MinimumVisualStudioVersion = 10.0.40219.1
Project("{FAE04EC0-301F-11D3-BF4B-00C04F79EFBC}") = "ImageLoader", "ImageLoader\ImageLoader.csproj", "{312AB31A-5D14-4473-8F74-2E3C6DE7800C}"
EndProject
Global
	GlobalSection(SolutionConfigurationPlatforms) = preSolution
		Debug|Any CPU = Debug|Any CPU
		Release|Any CPU = Release|Any CPU
	EndGlobalSection
	GlobalSection(ProjectConfigurationPlatforms) = postSolution
		{312AB31A-5D14-4473-8F74-2E3C6DE7800C}.Debug|Any CPU.ActiveCfg = Debug|Any CPU
		{312AB31A-5D14-4473-8F74-2E3C6DE7800C}.Debug|Any CPU.Build.0 = Debug|Any CPU
		{312AB31A-5D14-4473-8F74-2E3C6DE7800C}.Release|Any CPU.ActiveCfg = Release|Any CPU
		{312AB31A-5D14-4473-8F74-2E3C6DE7800C}.Release|Any CPU.Build.0 = Release|Any CPU
	EndGlobalSection
	GlobalSection(SolutionProperties) = preSolution
		HideSolutionNode = FALSE
	EndGlobalSection
	GlobalSection(ExtensibilityGlobals) = postSolution
		SolutionGuid = {B26AB540-6F15-4C2F-9D7B-FD6B016FEE1C}
	EndGlobalSection
EndGlobal
